
Microsoft Visual Studio Solution File, Format Version 12.00
# Visual Studio Version 16
VisualStudioVersion = 16.0.30002.166
MinimumVisualStudioVersion = 10.0.40219.1
Project("{2150E333-8FDC-42A3-9474-1A3956D46DE8}") = "DataAccessLayer", "DataAccessLayer", "{FCE8466F-B71A-412E-B6BD-F1D64E76E26D}"
EndProject
Project("{2150E333-8FDC-42A3-9474-1A3956D46DE8}") = "DomainLayer", "DomainLayer", "{648D0CC8-A47D-46F7-80DB-4961DB551229}"
EndProject
Project("{2150E333-8FDC-42A3-9474-1A3956D46DE8}") = "PresentationLayer", "PresentationLayer", "{2A6B3223-7A24-43C1-BFB1-0502A7BAE483}"
EndProject
Project("{2150E333-8FDC-42A3-9474-1A3956D46DE8}") = "WebApi", "WebApi", "{40469FD5-A974-451D-9BE2-6CA55441EF74}"
EndProject
Project("{FAE04EC0-301F-11D3-BF4B-00C04F79EFBC}") = "CoffeeShop.DAL.EF", "CoffeeShop.DAL.EF\CoffeeShop.DAL.EF.csproj", "{9A9E47F8-A17B-4190-850C-313E91989AA5}"
	ProjectSection(ProjectDependencies) = postProject
		{CA63AE28-E826-42CE-94AA-ECB081D3DBDD} = {CA63AE28-E826-42CE-94AA-ECB081D3DBDD}
	EndProjectSection
EndProject
Project("{FAE04EC0-301F-11D3-BF4B-00C04F79EFBC}") = "CoffeeShop.Domain", "CoffeeShop.Domain\CoffeeShop.Domain.csproj", "{CA63AE28-E826-42CE-94AA-ECB081D3DBDD}"
EndProject
Project("{FAE04EC0-301F-11D3-BF4B-00C04F79EFBC}") = "CoffeeShop.API", "CoffeeShop.API\CoffeeShop.API.csproj", "{59ADE50F-0D9B-4B76-AB15-58C91858A5A3}"
	ProjectSection(ProjectDependencies) = postProject
		{CA63AE28-E826-42CE-94AA-ECB081D3DBDD} = {CA63AE28-E826-42CE-94AA-ECB081D3DBDD}
		{9A9E47F8-A17B-4190-850C-313E91989AA5} = {9A9E47F8-A17B-4190-850C-313E91989AA5}
	EndProjectSection
EndProject
Project("{FAE04EC0-301F-11D3-BF4B-00C04F79EFBC}") = "CoffeeShop.Web", "CoffeeShop.Web\CoffeeShop.Web.csproj", "{B5E0862B-E634-4664-9760-4E3BA805F3AE}"
	ProjectSection(ProjectDependencies) = postProject
		{59ADE50F-0D9B-4B76-AB15-58C91858A5A3} = {59ADE50F-0D9B-4B76-AB15-58C91858A5A3}
		{CA63AE28-E826-42CE-94AA-ECB081D3DBDD} = {CA63AE28-E826-42CE-94AA-ECB081D3DBDD}
		{C20E243B-6D83-4D20-998D-26300C761377} = {C20E243B-6D83-4D20-998D-26300C761377}
		{2CADF0AF-D781-44C7-B458-C71FE90638ED} = {2CADF0AF-D781-44C7-B458-C71FE90638ED}
		{9A9E47F8-A17B-4190-850C-313E91989AA5} = {9A9E47F8-A17B-4190-850C-313E91989AA5}
	EndProjectSection
EndProject
Project("{FAE04EC0-301F-11D3-BF4B-00C04F79EFBC}") = "CoffeeShop.DAL.API", "CoffeeShop.DAL.API\CoffeeShop.DAL.API.csproj", "{C20E243B-6D83-4D20-998D-26300C761377}"
	ProjectSection(ProjectDependencies) = postProject
		{59ADE50F-0D9B-4B76-AB15-58C91858A5A3} = {59ADE50F-0D9B-4B76-AB15-58C91858A5A3}
		{CA63AE28-E826-42CE-94AA-ECB081D3DBDD} = {CA63AE28-E826-42CE-94AA-ECB081D3DBDD}
	EndProjectSection
EndProject
Project("{2150E333-8FDC-42A3-9474-1A3956D46DE8}") = "BussinessLogicLayer", "BussinessLogicLayer", "{97D813CF-9A82-44B9-BE7D-211384578DB3}"
EndProject
Project("{FAE04EC0-301F-11D3-BF4B-00C04F79EFBC}") = "CoffeeShop.BLL", "CoffeeShop.BLL\CoffeeShop.BLL.csproj", "{2CADF0AF-D781-44C7-B458-C71FE90638ED}"
	ProjectSection(ProjectDependencies) = postProject
		{CA63AE28-E826-42CE-94AA-ECB081D3DBDD} = {CA63AE28-E826-42CE-94AA-ECB081D3DBDD}
		{C20E243B-6D83-4D20-998D-26300C761377} = {C20E243B-6D83-4D20-998D-26300C761377}
	EndProjectSection
EndProject
Global
	GlobalSection(SolutionConfigurationPlatforms) = preSolution
		Debug|Any CPU = Debug|Any CPU
		Release|Any CPU = Release|Any CPU
	EndGlobalSection
	GlobalSection(ProjectConfigurationPlatforms) = postSolution
		{9A9E47F8-A17B-4190-850C-313E91989AA5}.Debug|Any CPU.ActiveCfg = Debug|Any CPU
		{9A9E47F8-A17B-4190-850C-313E91989AA5}.Debug|Any CPU.Build.0 = Debug|Any CPU
		{9A9E47F8-A17B-4190-850C-313E91989AA5}.Release|Any CPU.ActiveCfg = Release|Any CPU
		{9A9E47F8-A17B-4190-850C-313E91989AA5}.Release|Any CPU.Build.0 = Release|Any CPU
		{CA63AE28-E826-42CE-94AA-ECB081D3DBDD}.Debug|Any CPU.ActiveCfg = Debug|Any CPU
		{CA63AE28-E826-42CE-94AA-ECB081D3DBDD}.Debug|Any CPU.Build.0 = Debug|Any CPU
		{CA63AE28-E826-42CE-94AA-ECB081D3DBDD}.Release|Any CPU.ActiveCfg = Release|Any CPU
		{CA63AE28-E826-42CE-94AA-ECB081D3DBDD}.Release|Any CPU.Build.0 = Release|Any CPU
		{59ADE50F-0D9B-4B76-AB15-58C91858A5A3}.Debug|Any CPU.ActiveCfg = Debug|Any CPU
		{59ADE50F-0D9B-4B76-AB15-58C91858A5A3}.Debug|Any CPU.Build.0 = Debug|Any CPU
		{59ADE50F-0D9B-4B76-AB15-58C91858A5A3}.Release|Any CPU.ActiveCfg = Release|Any CPU
		{59ADE50F-0D9B-4B76-AB15-58C91858A5A3}.Release|Any CPU.Build.0 = Release|Any CPU
		{B5E0862B-E634-4664-9760-4E3BA805F3AE}.Debug|Any CPU.ActiveCfg = Debug|Any CPU
		{B5E0862B-E634-4664-9760-4E3BA805F3AE}.Debug|Any CPU.Build.0 = Debug|Any CPU
		{B5E0862B-E634-4664-9760-4E3BA805F3AE}.Release|Any CPU.ActiveCfg = Release|Any CPU
		{B5E0862B-E634-4664-9760-4E3BA805F3AE}.Release|Any CPU.Build.0 = Release|Any CPU
		{C20E243B-6D83-4D20-998D-26300C761377}.Debug|Any CPU.ActiveCfg = Debug|Any CPU
		{C20E243B-6D83-4D20-998D-26300C761377}.Debug|Any CPU.Build.0 = Debug|Any CPU
		{C20E243B-6D83-4D20-998D-26300C761377}.Release|Any CPU.ActiveCfg = Release|Any CPU
		{C20E243B-6D83-4D20-998D-26300C761377}.Release|Any CPU.Build.0 = Release|Any CPU
		{2CADF0AF-D781-44C7-B458-C71FE90638ED}.Debug|Any CPU.ActiveCfg = Debug|Any CPU
		{2CADF0AF-D781-44C7-B458-C71FE90638ED}.Debug|Any CPU.Build.0 = Debug|Any CPU
		{2CADF0AF-D781-44C7-B458-C71FE90638ED}.Release|Any CPU.ActiveCfg = Release|Any CPU
		{2CADF0AF-D781-44C7-B458-C71FE90638ED}.Release|Any CPU.Build.0 = Release|Any CPU
	EndGlobalSection
	GlobalSection(SolutionProperties) = preSolution
		HideSolutionNode = FALSE
	EndGlobalSection
	GlobalSection(NestedProjects) = preSolution
		{9A9E47F8-A17B-4190-850C-313E91989AA5} = {FCE8466F-B71A-412E-B6BD-F1D64E76E26D}
		{CA63AE28-E826-42CE-94AA-ECB081D3DBDD} = {648D0CC8-A47D-46F7-80DB-4961DB551229}
		{59ADE50F-0D9B-4B76-AB15-58C91858A5A3} = {40469FD5-A974-451D-9BE2-6CA55441EF74}
		{B5E0862B-E634-4664-9760-4E3BA805F3AE} = {2A6B3223-7A24-43C1-BFB1-0502A7BAE483}
		{C20E243B-6D83-4D20-998D-26300C761377} = {FCE8466F-B71A-412E-B6BD-F1D64E76E26D}
		{2CADF0AF-D781-44C7-B458-C71FE90638ED} = {97D813CF-9A82-44B9-BE7D-211384578DB3}
	EndGlobalSection
	GlobalSection(ExtensibilityGlobals) = postSolution
		SolutionGuid = {30AD4802-6E41-4BFD-914E-5EAEF48981E4}
	EndGlobalSection
EndGlobal
